
Microsoft Visual Studio Solution File, Format Version 12.00
# Visual Studio 14
VisualStudioVersion = 14.0.25420.1
MinimumVisualStudioVersion = 10.0.40219.1
Project("{FAE04EC0-301F-11D3-BF4B-00C04F79EFBC}") = "FixLineEndings", "FixLineEndings.csproj", "{B1C246EF-4EB1-4224-B310-0C719F8BA49D}"
EndProject
Global
	GlobalSection(SolutionConfigurationPlatforms) = preSolution
		Debug|Any CPU = Debug|Any CPU
		Release|Any CPU = Release|Any CPU
	EndGlobalSection
	GlobalSection(ProjectConfigurationPlatforms) = postSolution
		{B1C246EF-4EB1-4224-B310-0C719F8BA49D}.Debug|Any CPU.ActiveCfg = Debug|Any CPU
		{B1C246EF-4EB1-4224-B310-0C719F8BA49D}.Debug|Any CPU.Build.0 = Debug|Any CPU
		{B1C246EF-4EB1-4224-B310-0C719F8BA49D}.Release|Any CPU.ActiveCfg = Release|Any CPU
		{B1C246EF-4EB1-4224-B310-0C719F8BA49D}.Release|Any CPU.Build.0 = Release|Any CPU
	EndGlobalSection
	GlobalSection(SolutionProperties) = preSolution
		HideSolutionNode = FALSE
	EndGlobalSection
EndGlobal
